
Microsoft Visual Studio Solution File, Format Version 12.00
# Visual Studio Version 16
VisualStudioVersion = 16.0.30621.155
MinimumVisualStudioVersion = 10.0.40219.1
Project("{FAE04EC0-301F-11D3-BF4B-00C04F79EFBC}") = "GraphQLSample", "GraphQLSample\GraphQLSample.csproj", "{E36653AE-35F2-44CB-992F-50262303769C}"
EndProject
Global
	GlobalSection(SolutionConfigurationPlatforms) = preSolution
		Debug|Any CPU = Debug|Any CPU
		Release|Any CPU = Release|Any CPU
	EndGlobalSection
	GlobalSection(ProjectConfigurationPlatforms) = postSolution
		{E36653AE-35F2-44CB-992F-50262303769C}.Debug|Any CPU.ActiveCfg = Debug|Any CPU
		{E36653AE-35F2-44CB-992F-50262303769C}.Debug|Any CPU.Build.0 = Debug|Any CPU
		{E36653AE-35F2-44CB-992F-50262303769C}.Release|Any CPU.ActiveCfg = Release|Any CPU
		{E36653AE-35F2-44CB-992F-50262303769C}.Release|Any CPU.Build.0 = Release|Any CPU
	EndGlobalSection
	GlobalSection(SolutionProperties) = preSolution
		HideSolutionNode = FALSE
	EndGlobalSection
	GlobalSection(ExtensibilityGlobals) = postSolution
		SolutionGuid = {431C068A-6D8D-40F2-994A-6B4C5F566C88}
	EndGlobalSection
EndGlobal
